
Microsoft Visual Studio Solution File, Format Version 12.00
# Visual Studio Version 17
VisualStudioVersion = 17.5.002.0
MinimumVisualStudioVersion = 10.0.40219.1
Project("{9A19103F-16F7-4668-BE54-9A1E7A4F7556}") = "Introduccion", "Introduccion.csproj", "{52A817CF-C684-4512-96DC-1094E2DE7BE5}"
EndProject
Global
	GlobalSection(SolutionConfigurationPlatforms) = preSolution
		Debug|Any CPU = Debug|Any CPU
		Release|Any CPU = Release|Any CPU
	EndGlobalSection
	GlobalSection(ProjectConfigurationPlatforms) = postSolution
		{52A817CF-C684-4512-96DC-1094E2DE7BE5}.Debug|Any CPU.ActiveCfg = Debug|Any CPU
		{52A817CF-C684-4512-96DC-1094E2DE7BE5}.Debug|Any CPU.Build.0 = Debug|Any CPU
		{52A817CF-C684-4512-96DC-1094E2DE7BE5}.Release|Any CPU.ActiveCfg = Release|Any CPU
		{52A817CF-C684-4512-96DC-1094E2DE7BE5}.Release|Any CPU.Build.0 = Release|Any CPU
	EndGlobalSection
	GlobalSection(SolutionProperties) = preSolution
		HideSolutionNode = FALSE
	EndGlobalSection
	GlobalSection(ExtensibilityGlobals) = postSolution
		SolutionGuid = {BC8DC3BF-408D-4C48-BAFD-45360517367F}
	EndGlobalSection
EndGlobal
